
Microsoft Visual Studio Solution File, Format Version 12.00
# Visual Studio Version 17
VisualStudioVersion = 17.5.33502.453
MinimumVisualStudioVersion = 10.0.40219.1
Project("{2150E333-8FDC-42A3-9474-1A3956D46DE8}") = "Solution Items", "Solution Items", "{39692ADC-AAE4-4A39-A8E1-8B3AD19F6612}"
	ProjectSection(SolutionItems) = preProject
		.editorconfig = .editorconfig
	EndProjectSection
EndProject
Project("{FAE04EC0-301F-11D3-BF4B-00C04F79EFBC}") = "Chatroom.NetworkClient", "Chatroom.NetworkClient\Chatroom.NetworkClient.csproj", "{77CC37E5-9074-444F-BE62-9480E7152D5E}"
EndProject
Project("{9A19103F-16F7-4668-BE54-9A1E7A4F7556}") = "Chatroom.NetworkClient.Bot", "Chatroom.NetworkClient.Bot\Chatroom.NetworkClient.Bot.csproj", "{26CAD717-A489-4270-98CC-22C8157B2D03}"
EndProject
Project("{FAE04EC0-301F-11D3-BF4B-00C04F79EFBC}") = "Chatroom.NetworkClient.Demos", "Chatroom.NetworkClient.Demos\Chatroom.NetworkClient.Demos.csproj", "{EC1BDE2B-73FB-4D5B-BBEC-62AB8E8357D9}"
EndProject
Project("{9A19103F-16F7-4668-BE54-9A1E7A4F7556}") = "Chatroom.NetworkClient.BulkTester", "Chatroom.NetworkClient.BulkTester\Chatroom.NetworkClient.BulkTester.csproj", "{066A9A56-8C27-4748-B3D7-93B5BD9C5B4A}"
EndProject
Global
	GlobalSection(SolutionConfigurationPlatforms) = preSolution
		Debug|Any CPU = Debug|Any CPU
		Release|Any CPU = Release|Any CPU
	EndGlobalSection
	GlobalSection(ProjectConfigurationPlatforms) = postSolution
		{77CC37E5-9074-444F-BE62-9480E7152D5E}.Debug|Any CPU.ActiveCfg = Debug|Any CPU
		{77CC37E5-9074-444F-BE62-9480E7152D5E}.Debug|Any CPU.Build.0 = Debug|Any CPU
		{77CC37E5-9074-444F-BE62-9480E7152D5E}.Release|Any CPU.ActiveCfg = Release|Any CPU
		{77CC37E5-9074-444F-BE62-9480E7152D5E}.Release|Any CPU.Build.0 = Release|Any CPU
		{26CAD717-A489-4270-98CC-22C8157B2D03}.Debug|Any CPU.ActiveCfg = Debug|Any CPU
		{26CAD717-A489-4270-98CC-22C8157B2D03}.Debug|Any CPU.Build.0 = Debug|Any CPU
		{26CAD717-A489-4270-98CC-22C8157B2D03}.Release|Any CPU.ActiveCfg = Release|Any CPU
		{26CAD717-A489-4270-98CC-22C8157B2D03}.Release|Any CPU.Build.0 = Release|Any CPU
		{EC1BDE2B-73FB-4D5B-BBEC-62AB8E8357D9}.Debug|Any CPU.ActiveCfg = Debug|Any CPU
		{EC1BDE2B-73FB-4D5B-BBEC-62AB8E8357D9}.Debug|Any CPU.Build.0 = Debug|Any CPU
		{EC1BDE2B-73FB-4D5B-BBEC-62AB8E8357D9}.Release|Any CPU.ActiveCfg = Release|Any CPU
		{EC1BDE2B-73FB-4D5B-BBEC-62AB8E8357D9}.Release|Any CPU.Build.0 = Release|Any CPU
		{066A9A56-8C27-4748-B3D7-93B5BD9C5B4A}.Debug|Any CPU.ActiveCfg = Debug|Any CPU
		{066A9A56-8C27-4748-B3D7-93B5BD9C5B4A}.Debug|Any CPU.Build.0 = Debug|Any CPU
		{066A9A56-8C27-4748-B3D7-93B5BD9C5B4A}.Release|Any CPU.ActiveCfg = Release|Any CPU
		{066A9A56-8C27-4748-B3D7-93B5BD9C5B4A}.Release|Any CPU.Build.0 = Release|Any CPU
	EndGlobalSection
	GlobalSection(SolutionProperties) = preSolution
		HideSolutionNode = FALSE
	EndGlobalSection
	GlobalSection(ExtensibilityGlobals) = postSolution
		SolutionGuid = {A435FDE0-E26C-43F5-AAF5-352979F1754A}
	EndGlobalSection
EndGlobal
